<?xml version="1.0" encoding="utf-8"?>
<Project ToolsVersion="4.0" xmlns="http://schemas.microsoft.com/developer/msbuild/2003">
  <ItemGroup>
    <Filter Include="Source Files">
      <UniqueIdentifier>{4FC737F1-C7A5-4376-A066-2A32D752A2FF}</UniqueIdentifier>
      <Extensions>cpp;c;cc;cxx;def;odl;idl;hpj;bat;asm;asmx</Extensions>
    </Filter>
    <Filter Include="Header Files">
      <UniqueIdentifier>{93995380-89BD-4b04-88EB-625FBE52EBFB}</UniqueIdentifier>
      <Extensions>h;hh;hpp;hxx;hm;inl;inc;xsd</Extensions>
    </Filter>
    <Filter Include="Resource Files">
      <UniqueIdentifier>{67DA6AB6-F800-4c08-8B7A-83BB121AAD01}</UniqueIdentifier>
      <Extensions>rc;ico;cur;bmp;dlg;rc2;rct;bin;rgs;gif;jpg;jpeg;jpe;resx;tiff;tif;png;wav;mfcribbon-ms</Extensions>
    </Filter>
  </ItemGroup>
  <ItemGroup>
    <None Include="packages.config" />
  </ItemGroup>
  <ItemGroup>
    <ClCompile Include="main.cpp">
      <Filter>Source Files</Filter>
    </ClCompile>
    <ClCompile Include="sha256.cpp">
      <Filter>Source Files</Filter>
    </ClCompile>
    <ClCompile Include="core\apu.cpp">
      <Filter>Source Files</Filter>
    </ClCompile>
    <ClCompile Include="core\cartrige.cpp">
      <Filter>Source Files</Filter>
    </ClCompile>
    <ClCompile Include="core\core.cpp">
      <Filter>Source Files</Filter>
    </ClCompile>
    <ClCompile Include="core\cpu.cpp">
      <Filter>Source Files</Filter>
    </ClCompile>
    <ClCompile Include="core\cpu_instructions.cpp">
      <Filter>Source Files</Filter>
    </ClCompile>
    <ClCompile Include="core\debugger.cpp">
      <Filter>Source Files</Filter>
    </ClCompile>
    <ClCompile Include="core\gpu.cpp">
      <Filter>Source Files</Filter>
    </ClCompile>
    <ClCompile Include="core\interrupts.cpp">
      <Filter>Source Files</Filter>
    </ClCompile>
    <ClCompile Include="core\joypad.cpp">
      <Filter>Source Files</Filter>
    </ClCompile>
    <ClCompile Include="core\mbc.cpp">
      <Filter>Source Files</Filter>
    </ClCompile>
    <ClCompile Include="core\mmu.cpp">
      <Filter>Source Files</Filter>
    </ClCompile>
    <ClCompile Include="core\noise_synth.cpp">
      <Filter>Source Files</Filter>
    </ClCompile>
    <ClCompile Include="core\ram.cpp">
      <Filter>Source Files</Filter>
    </ClCompile>
    <ClCompile Include="core\serial.cpp">
      <Filter>Source Files</Filter>
    </ClCompile>
    <ClCompile Include="core\square_synth.cpp">
      <Filter>Source Files</Filter>
    </ClCompile>
    <ClCompile Include="core\timer.cpp">
      <Filter>Source Files</Filter>
    </ClCompile>
    <ClCompile Include="core\wave_synth.cpp">
      <Filter>Source Files</Filter>
    </ClCompile>
    <ClCompile Include="platform\sdl\audio_postprocess.cpp">
      <Filter>Source Files</Filter>
    </ClCompile>
    <ClCompile Include="platform\sdl\renderer.cpp">
      <Filter>Source Files</Filter>
    </ClCompile>
    <ClCompile Include="platform\sdl\gui.cpp">
      <Filter>Source Files</Filter>
    </ClCompile>
    <ClCompile Include="platform\linux\test.cpp">
      <Filter>Source Files</Filter>
    </ClCompile>
  </ItemGroup>
  <ItemGroup>
    <ClInclude Include="sha256.h">
      <Filter>Header Files</Filter>
    </ClInclude>
    <ClInclude Include="stdafx.h">
      <Filter>Header Files</Filter>
    </ClInclude>
    <ClInclude Include="core\apu.h">
      <Filter>Header Files</Filter>
    </ClInclude>
    <ClInclude Include="core\cartrige.h">
      <Filter>Header Files</Filter>
    </ClInclude>
    <ClInclude Include="core\core.h">
      <Filter>Header Files</Filter>
    </ClInclude>
    <ClInclude Include="core\cpu.h">
      <Filter>Header Files</Filter>
    </ClInclude>
    <ClInclude Include="core\debugger.h">
      <Filter>Header Files</Filter>
    </ClInclude>
    <ClInclude Include="core\gpu.h">
      <Filter>Header Files</Filter>
    </ClInclude>
    <ClInclude Include="core\IMemory.h">
      <Filter>Header Files</Filter>
    </ClInclude>
    <ClInclude Include="core\interrupts.h">
      <Filter>Header Files</Filter>
    </ClInclude>
    <ClInclude Include="core\joypad.h">
      <Filter>Header Files</Filter>
    </ClInclude>
    <ClInclude Include="core\mbc.h">
      <Filter>Header Files</Filter>
    </ClInclude>
    <ClInclude Include="core\mmu.h">
      <Filter>Header Files</Filter>
    </ClInclude>
    <ClInclude Include="core\noise_synth.h">
      <Filter>Header Files</Filter>
    </ClInclude>
    <ClInclude Include="core\ram.h">
      <Filter>Header Files</Filter>
    </ClInclude>
    <ClInclude Include="core\serial.h">
      <Filter>Header Files</Filter>
    </ClInclude>
    <ClInclude Include="core\square_synth.h">
      <Filter>Header Files</Filter>
    </ClInclude>
    <ClInclude Include="core\timer.h">
      <Filter>Header Files</Filter>
    </ClInclude>
    <ClInclude Include="core\wave_synth.h">
      <Filter>Header Files</Filter>
    </ClInclude>
    <ClInclude Include="utils\bit_ops.h">
      <Filter>Header Files</Filter>
    </ClInclude>
    <ClInclude Include="utils\definitions.h">
      <Filter>Header Files</Filter>
    </ClInclude>
    <ClInclude Include="utils\function.h">
      <Filter>Header Files</Filter>
    </ClInclude>
    <ClInclude Include="platform\dispatch.h">
      <Filter>Header Files</Filter>
    </ClInclude>
    <ClInclude Include="platform\sdl\audio_postprocess.h">
      <Filter>Header Files</Filter>
    </ClInclude>
    <ClInclude Include="platform\sdl\renderer.h">
      <Filter>Header Files</Filter>
    </ClInclude>
    <ClInclude Include="platform\sdl\gui.h">
      <Filter>Header Files</Filter>
    </ClInclude>
    <ClInclude Include="platform\linux\test.h">
      <Filter>Header Files</Filter>
    </ClInclude>
  </ItemGroup>
</Project>