<?xml version="1.0" encoding="utf-8"?>
<Project ToolsVersion="4.0" xmlns="http://schemas.microsoft.com/developer/msbuild/2003">
  <ItemGroup>
    <Filter Include="Source Files">
      <UniqueIdentifier>{4FC737F1-C7A5-4376-A066-2A32D752A2FF}</UniqueIdentifier>
      <Extensions>cpp;c;cc;cxx;def;odl;idl;hpj;bat;asm;asmx</Extensions>
    </Filter>
    <Filter Include="Header Files">
      <UniqueIdentifier>{93995380-89BD-4b04-88EB-625FBE52EBFB}</UniqueIdentifier>
      <Extensions>h;hh;hpp;hxx;hm;inl;inc;xsd</Extensions>
    </Filter>
    <Filter Include="Resource Files">
      <UniqueIdentifier>{67DA6AB6-F800-4c08-8B7A-83BB121AAD01}</UniqueIdentifier>
      <Extensions>rc;ico;cur;bmp;dlg;rc2;rct;bin;rgs;gif;jpg;jpeg;jpe;resx;tiff;tif;png;wav;mfcribbon-ms</Extensions>
    </Filter>
  </ItemGroup>
  <ItemGroup>
    <ClCompile Include="main.cpp">
      <Filter>Source Files</Filter>
    </ClCompile>
    <ClCompile Include="cpu_instructions.cpp">
      <Filter>Source Files</Filter>
    </ClCompile>
    <ClCompile Include="mmu.cpp">
      <Filter>Source Files</Filter>
    </ClCompile>
    <ClCompile Include="ram.cpp">
      <Filter>Source Files</Filter>
    </ClCompile>
    <ClCompile Include="mbc.cpp">
      <Filter>Source Files</Filter>
    </ClCompile>
    <ClCompile Include="cartrige.cpp">
      <Filter>Source Files</Filter>
    </ClCompile>
    <ClCompile Include="interrupts.cpp">
      <Filter>Source Files</Filter>
    </ClCompile>
    <ClCompile Include="timer.cpp">
      <Filter>Source Files</Filter>
    </ClCompile>
    <ClCompile Include="gpu.cpp">
      <Filter>Source Files</Filter>
    </ClCompile>
    <ClCompile Include="joypad.cpp">
      <Filter>Source Files</Filter>
    </ClCompile>
    <ClCompile Include="apu.cpp">
      <Filter>Source Files</Filter>
    </ClCompile>
    <ClCompile Include="noise_synth.cpp">
      <Filter>Source Files</Filter>
    </ClCompile>
    <ClCompile Include="square_synth.cpp">
      <Filter>Source Files</Filter>
    </ClCompile>
    <ClCompile Include="wave_synth.cpp">
      <Filter>Source Files</Filter>
    </ClCompile>
    <ClCompile Include="cpu.cpp">
      <Filter>Source Files</Filter>
    </ClCompile>
    <ClCompile Include="debugger.cpp">
      <Filter>Source Files</Filter>
    </ClCompile>
    <ClCompile Include="serial.cpp">
      <Filter>Source Files</Filter>
    </ClCompile>
    <ClCompile Include="audio_postprocess.cpp">
      <Filter>Source Files</Filter>
    </ClCompile>
  </ItemGroup>
  <ItemGroup>
    <ClInclude Include="definitions.h">
      <Filter>Header Files</Filter>
    </ClInclude>
    <ClInclude Include="stdafx.h">
      <Filter>Header Files</Filter>
    </ClInclude>
    <ClInclude Include="mmu.h">
      <Filter>Header Files</Filter>
    </ClInclude>
    <ClInclude Include="IMemory.h">
      <Filter>Header Files</Filter>
    </ClInclude>
    <ClInclude Include="ram.h">
      <Filter>Header Files</Filter>
    </ClInclude>
    <ClInclude Include="mbc.h">
      <Filter>Header Files</Filter>
    </ClInclude>
    <ClInclude Include="cartrige.h">
      <Filter>Header Files</Filter>
    </ClInclude>
    <ClInclude Include="interrupts.h">
      <Filter>Header Files</Filter>
    </ClInclude>
    <ClInclude Include="bit_ops.h">
      <Filter>Header Files</Filter>
    </ClInclude>
    <ClInclude Include="timer.h">
      <Filter>Header Files</Filter>
    </ClInclude>
    <ClInclude Include="gpu.h">
      <Filter>Header Files</Filter>
    </ClInclude>
    <ClInclude Include="joypad.h">
      <Filter>Header Files</Filter>
    </ClInclude>
    <ClInclude Include="apu.h">
      <Filter>Header Files</Filter>
    </ClInclude>
    <ClInclude Include="noise_synth.h">
      <Filter>Header Files</Filter>
    </ClInclude>
    <ClInclude Include="wave_synth.h">
      <Filter>Header Files</Filter>
    </ClInclude>
    <ClInclude Include="square_synth.h">
      <Filter>Header Files</Filter>
    </ClInclude>
    <ClInclude Include="cpu.h">
      <Filter>Header Files</Filter>
    </ClInclude>
    <ClInclude Include="debugger.h">
      <Filter>Header Files</Filter>
    </ClInclude>
    <ClInclude Include="function.h">
      <Filter>Header Files</Filter>
    </ClInclude>
    <ClInclude Include="serial.h">
      <Filter>Header Files</Filter>
    </ClInclude>
    <ClInclude Include="audio_postprocess.h">
      <Filter>Header Files</Filter>
    </ClInclude>
  </ItemGroup>
  <ItemGroup>
    <None Include="packages.config" />
  </ItemGroup>
</Project>